
Microsoft Visual Studio Solution File, Format Version 12.00
# Visual Studio 15
Project("{FAE04EC0-301F-11D3-BF4B-00C04F79EFBC}") = "SeismicityAR", "SeismicityAR.csproj", "{5998D795-8319-D02F-5B39-B1ED950A279A}"
EndProject
Project("{FAE04EC0-301F-11D3-BF4B-00C04F79EFBC}") = "SeismicityAR.Editor", "SeismicityAR.Editor.csproj", "{AD13491E-435D-D407-8897-5C8D20C94F7F}"
EndProject
Global
	GlobalSection(SolutionConfigurationPlatforms) = preSolution
		Debug|Any CPU = Debug|Any CPU
		Release|Any CPU = Release|Any CPU
	EndGlobalSection
	GlobalSection(ProjectConfigurationPlatforms) = postSolution
		{5998D795-8319-D02F-5B39-B1ED950A279A}.Debug|Any CPU.ActiveCfg = Debug|Any CPU
		{5998D795-8319-D02F-5B39-B1ED950A279A}.Debug|Any CPU.Build.0 = Debug|Any CPU
		{5998D795-8319-D02F-5B39-B1ED950A279A}.Release|Any CPU.ActiveCfg = Release|Any CPU
		{5998D795-8319-D02F-5B39-B1ED950A279A}.Release|Any CPU.Build.0 = Release|Any CPU
		{AD13491E-435D-D407-8897-5C8D20C94F7F}.Debug|Any CPU.ActiveCfg = Debug|Any CPU
		{AD13491E-435D-D407-8897-5C8D20C94F7F}.Debug|Any CPU.Build.0 = Debug|Any CPU
		{AD13491E-435D-D407-8897-5C8D20C94F7F}.Release|Any CPU.ActiveCfg = Release|Any CPU
		{AD13491E-435D-D407-8897-5C8D20C94F7F}.Release|Any CPU.Build.0 = Release|Any CPU
	EndGlobalSection
	GlobalSection(SolutionProperties) = preSolution
		HideSolutionNode = FALSE
	EndGlobalSection
EndGlobal
